{
  "version": 4,
  "terraform_version": "1.8.1",
  "serial": 49,
  "lineage": "fccc98ff-97d8-e496-b375-429fc63ce440",
  "outputs": {
    "teentalktalk_login_key": {
      "value": "-----BEGIN RSA PRIVATE KEY-----\nMIIEpQIBAAKCAQEA09p2ArtU1tnYgdV7LEUHexI0c8Xyr9c40HiqGXU8jyrUG8sd\nl6cPhPyAhNzlFHRaoewo6lvVSB/igcoOIGZLlFSCq8YQM0KTeFbGvuW52+SR/Ua9\neFbZHoArkd+UJm5/wCPD5hZbzaWVc4NPtmCmlX6QxxCYNBrb8hyqCfUDyAd7V0a0\ngvhSimx57oc8xApgUlkiSmQpN7H8lUL/oUQYLYt/TvJ4ImyzVF6OriDn6LYgHbsL\nQgi1NRGjpz5gqQXnwJjmrqkDBwuHF2gs9bz/5xY3Q6LlvA7fqWsNR1Sn0UcAT1uf\nc6TK20bpCB+DbX4ip+6ZnX5yhp4NF9YEYRYB6QIDAQABAoIBAQCxovRgxgMVRASu\nmPp23Eqxf0pL6SbdGnGhHAxE3HCy+w5vX5iomIQC1lZNEYtj40w7iXGlUOs9Vr7u\nZSYDNMMa1OHcdm8PDDvrI5fyaV22a6md3brxNKFJWd8uqXHn569mxJZ2Tzka7kSq\nXuhv3ArSPxXWVKvKxNq34CETyEYradP/k7eOJxtV9pgn2jPby3/PbpIPaw1JrXtR\nwks3EUdWVPJ102VCacwz/6+kATzWvymobIZ6F5e026m0DyOGhOduB5K5p1l1rUZ0\nijRA78mWEqKQE8+Dd+MckVszM1Ri4SRbsLUhw/0N5L7fRCWim0RIlxbZpGMcmQDx\nFwy2kuahAoGBAOzxourqc5sO+UiMwSUHjfRDpVYNo9/6El72JReTQFJbIs5pAb4s\nj16+VtxS/MGV14NVMRd5fP0B4hIXVtiseC0K2aHzmQGCy8HH/PwS+UST/BWO9FDH\nXxr7A6IxMXCUgA+BVuh+ODGhMNqQpHEvC+CUcdTrDypXs0sO4dc1OhmbAoGBAOTk\nPlh52jRiSNOx9yiXVPmNwnABlOIYfaP19uZomC9U+qtoIWwnNoV0sY0k/ESflmuz\nwFUsZeulxZ6unCzpi2QVWLNzbAuq5yBGbxAvtLzmXnrXIED+CzuV5cLL1IsGtiLM\nDozCP7Htamk8LABJQAZaeAmtpjG0nl5Bo8w1cFzLAoGAY+BDJTSogF7ic1NpgttZ\nWfI9ujVLs3isz7x/zB00ysJBvLIEmw4bbPtcj8inZE5uJpz9cYCzT87AZZHS+MhS\na+Ib9KlDAKEKlGdhWzwAOIkMhGXa1EYF79CJKpAD4AmopWCGqr+xnjHs7uRzfIYx\nQnwwM2jV3qpTGDtwtQ9pqysCgYEAzGik4OCZJJTtUtio0AAtq9uUW/CdpDiY43cC\nMowP9J0gazjIOEzgnNg0w8bW3vXiIHbbeXT35DUbwfVPlbBPgmap20BlqhnK5IDi\nKINiFhxpHazGqiP1phXcpVTgj/PDblnrWHsU5PIQSMCqzuqbmdDrSEFinRsfHy/h\ndrn2iXcCgYEAkG1UhxGpuFnh/gya213GHgDlmFEVo4icRGvANJ3Bpvu5PvmPuccJ\n7U1NMnvcGFJOjrXZWtUL35wid/awDrSGfrWCupFFnbPRjwJg27TcbZOsQmem7TcM\nBiYNQ9f590VKwIgWkAGYC+f2kynDRMp4V4/M6ERAOGclBAlvi763DGE=\n-----END RSA PRIVATE KEY-----",
      "type": "string",
      "sensitive": true
    }
  },
  "resources": [
    {
      "mode": "managed",
      "type": "ncloud_login_key",
      "name": "teentalktalk_login_key",
      "provider": "provider[\"registry.terraform.io/navercloudplatform/ncloud\"]",
      "instances": [
        {
          "schema_version": 0,
          "attributes": {
            "fingerprint": "1a:db:61:9e:83:88:6a:12:e7:fb:a8:06:70:68:04:d2",
            "id": "teentalktalkkey",
            "key_name": "teentalktalkkey",
            "private_key": "-----BEGIN RSA PRIVATE KEY-----\nMIIEpQIBAAKCAQEA09p2ArtU1tnYgdV7LEUHexI0c8Xyr9c40HiqGXU8jyrUG8sd\nl6cPhPyAhNzlFHRaoewo6lvVSB/igcoOIGZLlFSCq8YQM0KTeFbGvuW52+SR/Ua9\neFbZHoArkd+UJm5/wCPD5hZbzaWVc4NPtmCmlX6QxxCYNBrb8hyqCfUDyAd7V0a0\ngvhSimx57oc8xApgUlkiSmQpN7H8lUL/oUQYLYt/TvJ4ImyzVF6OriDn6LYgHbsL\nQgi1NRGjpz5gqQXnwJjmrqkDBwuHF2gs9bz/5xY3Q6LlvA7fqWsNR1Sn0UcAT1uf\nc6TK20bpCB+DbX4ip+6ZnX5yhp4NF9YEYRYB6QIDAQABAoIBAQCxovRgxgMVRASu\nmPp23Eqxf0pL6SbdGnGhHAxE3HCy+w5vX5iomIQC1lZNEYtj40w7iXGlUOs9Vr7u\nZSYDNMMa1OHcdm8PDDvrI5fyaV22a6md3brxNKFJWd8uqXHn569mxJZ2Tzka7kSq\nXuhv3ArSPxXWVKvKxNq34CETyEYradP/k7eOJxtV9pgn2jPby3/PbpIPaw1JrXtR\nwks3EUdWVPJ102VCacwz/6+kATzWvymobIZ6F5e026m0DyOGhOduB5K5p1l1rUZ0\nijRA78mWEqKQE8+Dd+MckVszM1Ri4SRbsLUhw/0N5L7fRCWim0RIlxbZpGMcmQDx\nFwy2kuahAoGBAOzxourqc5sO+UiMwSUHjfRDpVYNo9/6El72JReTQFJbIs5pAb4s\nj16+VtxS/MGV14NVMRd5fP0B4hIXVtiseC0K2aHzmQGCy8HH/PwS+UST/BWO9FDH\nXxr7A6IxMXCUgA+BVuh+ODGhMNqQpHEvC+CUcdTrDypXs0sO4dc1OhmbAoGBAOTk\nPlh52jRiSNOx9yiXVPmNwnABlOIYfaP19uZomC9U+qtoIWwnNoV0sY0k/ESflmuz\nwFUsZeulxZ6unCzpi2QVWLNzbAuq5yBGbxAvtLzmXnrXIED+CzuV5cLL1IsGtiLM\nDozCP7Htamk8LABJQAZaeAmtpjG0nl5Bo8w1cFzLAoGAY+BDJTSogF7ic1NpgttZ\nWfI9ujVLs3isz7x/zB00ysJBvLIEmw4bbPtcj8inZE5uJpz9cYCzT87AZZHS+MhS\na+Ib9KlDAKEKlGdhWzwAOIkMhGXa1EYF79CJKpAD4AmopWCGqr+xnjHs7uRzfIYx\nQnwwM2jV3qpTGDtwtQ9pqysCgYEAzGik4OCZJJTtUtio0AAtq9uUW/CdpDiY43cC\nMowP9J0gazjIOEzgnNg0w8bW3vXiIHbbeXT35DUbwfVPlbBPgmap20BlqhnK5IDi\nKINiFhxpHazGqiP1phXcpVTgj/PDblnrWHsU5PIQSMCqzuqbmdDrSEFinRsfHy/h\ndrn2iXcCgYEAkG1UhxGpuFnh/gya213GHgDlmFEVo4icRGvANJ3Bpvu5PvmPuccJ\n7U1NMnvcGFJOjrXZWtUL35wid/awDrSGfrWCupFFnbPRjwJg27TcbZOsQmem7TcM\nBiYNQ9f590VKwIgWkAGYC+f2kynDRMp4V4/M6ERAOGclBAlvi763DGE=\n-----END RSA PRIVATE KEY-----"
          },
          "sensitive_attributes": [
            [
              {
                "type": "get_attr",
                "value": "private_key"
              }
            ]
          ]
        }
      ]
    },
    {
      "mode": "managed",
      "type": "ncloud_server",
      "name": "teentalktalk_server_backend",
      "provider": "provider[\"registry.terraform.io/navercloudplatform/ncloud\"]",
      "instances": [
        {
          "schema_version": 0,
          "attributes": {
            "access_control_group_configuration_no_list": null,
            "base_block_storage_disk_detail_type": "SSD",
            "base_block_storage_disk_type": "NET",
            "base_block_storage_size": null,
            "cpu_count": 2,
            "description": "",
            "fee_system_type_code": null,
            "id": "24946991",
            "init_script_no": "",
            "instance_no": "24946991",
            "internet_line_type": null,
            "is_encrypted_base_block_storage_volume": null,
            "is_fee_charging_monitoring": null,
            "is_protect_server_termination": false,
            "login_key_name": "teentalktalkkey",
            "member_server_image_no": null,
            "memory_size": 4294967296,
            "name": "teentalktalk-server-backend",
            "network_interface": [
              {
                "network_interface_no": "4083285",
                "order": 0,
                "private_ip": "10.0.2.6",
                "subnet_no": "155497"
              }
            ],
            "placement_group_no": "",
            "platform_type": "LNX64",
            "port_forwarding_external_port": null,
            "port_forwarding_internal_port": null,
            "port_forwarding_public_ip": null,
            "private_ip": null,
            "public_ip": "",
            "raid_type_name": null,
            "region": null,
            "server_image_name": null,
            "server_image_product_code": "SW.VSVR.OS.LNX64.ROCKY.0808.B050",
            "server_product_code": "SVR.VSVR.HICPU.C002.M004.NET.SSD.B050.G002",
            "subnet_no": "155497",
            "tag_list": [],
            "timeouts": null,
            "user_data": null,
            "vpc_no": "69100",
            "zone": "KR-1"
          },
          "sensitive_attributes": [],
          "private": "eyJlMmJmYjczMC1lY2FhLTExZTYtOGY4OC0zNDM2M2JjN2M0YzAiOnsiY3JlYXRlIjozNjAwMDAwMDAwMDAwLCJkZWxldGUiOjMwMDAwMDAwMDAwMH19",
          "dependencies": [
            "ncloud_login_key.teentalktalk_login_key",
            "ncloud_subnet.teentalktalk_subnet_public_backend",
            "ncloud_vpc.teentalktalk_vpc"
          ]
        }
      ]
    },
    {
      "mode": "managed",
      "type": "ncloud_server",
      "name": "teentalktalk_server_db",
      "provider": "provider[\"registry.terraform.io/navercloudplatform/ncloud\"]",
      "instances": [
        {
          "schema_version": 0,
          "attributes": {
            "access_control_group_configuration_no_list": null,
            "base_block_storage_disk_detail_type": "SSD",
            "base_block_storage_disk_type": "NET",
            "base_block_storage_size": null,
            "cpu_count": 2,
            "description": "",
            "fee_system_type_code": null,
            "id": "24946994",
            "init_script_no": "",
            "instance_no": "24946994",
            "internet_line_type": null,
            "is_encrypted_base_block_storage_volume": null,
            "is_fee_charging_monitoring": null,
            "is_protect_server_termination": false,
            "login_key_name": "teentalktalkkey",
            "member_server_image_no": null,
            "memory_size": 4294967296,
            "name": "teentalktalk-server-db",
            "network_interface": [
              {
                "network_interface_no": "4083286",
                "order": 0,
                "private_ip": "10.0.1.6",
                "subnet_no": "155498"
              }
            ],
            "placement_group_no": "",
            "platform_type": "LNX64",
            "port_forwarding_external_port": null,
            "port_forwarding_internal_port": null,
            "port_forwarding_public_ip": null,
            "private_ip": null,
            "public_ip": "",
            "raid_type_name": null,
            "region": null,
            "server_image_name": null,
            "server_image_product_code": "SW.VSVR.OS.LNX64.ROCKY.0808.B050",
            "server_product_code": "SVR.VSVR.HICPU.C002.M004.NET.SSD.B050.G002",
            "subnet_no": "155498",
            "tag_list": [],
            "timeouts": null,
            "user_data": null,
            "vpc_no": "69100",
            "zone": "KR-1"
          },
          "sensitive_attributes": [],
          "private": "eyJlMmJmYjczMC1lY2FhLTExZTYtOGY4OC0zNDM2M2JjN2M0YzAiOnsiY3JlYXRlIjozNjAwMDAwMDAwMDAwLCJkZWxldGUiOjMwMDAwMDAwMDAwMH19",
          "dependencies": [
            "ncloud_login_key.teentalktalk_login_key",
            "ncloud_subnet.teentalktalk_subnet_private_db",
            "ncloud_vpc.teentalktalk_vpc"
          ]
        }
      ]
    },
    {
      "mode": "managed",
      "type": "ncloud_subnet",
      "name": "teentalktalk_subnet_private_db",
      "provider": "provider[\"registry.terraform.io/navercloudplatform/ncloud\"]",
      "instances": [
        {
          "schema_version": 0,
          "attributes": {
            "id": "155498",
            "name": "sn19015f11585",
            "network_acl_no": "101689",
            "subnet": "10.0.1.0/24",
            "subnet_no": "155498",
            "subnet_type": "PRIVATE",
            "usage_type": "GEN",
            "vpc_no": "69100",
            "zone": "KR-1"
          },
          "sensitive_attributes": [],
          "dependencies": [
            "ncloud_vpc.teentalktalk_vpc"
          ]
        }
      ]
    },
    {
      "mode": "managed",
      "type": "ncloud_subnet",
      "name": "teentalktalk_subnet_public_backend",
      "provider": "provider[\"registry.terraform.io/navercloudplatform/ncloud\"]",
      "instances": [
        {
          "schema_version": 0,
          "attributes": {
            "id": "155497",
            "name": "sn19015f11584",
            "network_acl_no": "101689",
            "subnet": "10.0.2.0/24",
            "subnet_no": "155497",
            "subnet_type": "PUBLIC",
            "usage_type": "GEN",
            "vpc_no": "69100",
            "zone": "KR-1"
          },
          "sensitive_attributes": [],
          "dependencies": [
            "ncloud_vpc.teentalktalk_vpc"
          ]
        }
      ]
    },
    {
      "mode": "managed",
      "type": "ncloud_vpc",
      "name": "teentalktalk_vpc",
      "provider": "provider[\"registry.terraform.io/navercloudplatform/ncloud\"]",
      "instances": [
        {
          "schema_version": 0,
          "attributes": {
            "default_access_control_group_no": "182838",
            "default_network_acl_no": "101689",
            "default_private_route_table_no": "137705",
            "default_public_route_table_no": "137704",
            "id": "69100",
            "ipv4_cidr_block": "10.0.0.0/16",
            "name": "teentalktalk-vpc",
            "vpc_no": "69100"
          },
          "sensitive_attributes": []
        }
      ]
    }
  ],
  "check_results": null
}
